// !$*UTF8*$!
{
	archiveVersion = 1;
	classes = {
	};
	objectVersion = 46;
	objects = {

/* Begin PBXBuildFile section */
		6847996135C3B77B6EEC10AE /* libPods-AStockMonitor.a in Frameworks */ = {isa = PBXBuildFile; fileRef = CE1DA8C643DFB486BD53A298 /* libPods-AStockMonitor.a */; };
		6A0B25411CEACAC800F7CADB /* SocketIO.m in Sources */ = {isa = PBXBuildFile; fileRef = 6A0B25371CEACAC800F7CADB /* SocketIO.m */; };
		6A0B25421CEACAC800F7CADB /* SocketIOJSONSerialization.m in Sources */ = {isa = PBXBuildFile; fileRef = 6A0B25391CEACAC800F7CADB /* SocketIOJSONSerialization.m */; };
		6A0B25431CEACAC800F7CADB /* SocketIOPacket.m in Sources */ = {isa = PBXBuildFile; fileRef = 6A0B253B1CEACAC800F7CADB /* SocketIOPacket.m */; };
		6A0B25441CEACAC800F7CADB /* SocketIOTransportWebsocket.m in Sources */ = {isa = PBXBuildFile; fileRef = 6A0B253E1CEACAC800F7CADB /* SocketIOTransportWebsocket.m */; };
		6A0B25451CEACAC800F7CADB /* SocketIOTransportXHR.m in Sources */ = {isa = PBXBuildFile; fileRef = 6A0B25401CEACAC800F7CADB /* SocketIOTransportXHR.m */; };
		6A0B25481CEACB2700F7CADB /* SRWebSocket.m in Sources */ = {isa = PBXBuildFile; fileRef = 6A0B25471CEACB2700F7CADB /* SRWebSocket.m */; };
		6A172DF71C2A81D7000A25F0 /* LHRealTimeStatistics.m in Sources */ = {isa = PBXBuildFile; fileRef = 6A172DF61C2A81D7000A25F0 /* LHRealTimeStatistics.m */; };
		6A201FBD1D9D1A7A0082A268 /* ChatMessageCell.m in Sources */ = {isa = PBXBuildFile; fileRef = 6A201FB51D9D1A7A0082A268 /* ChatMessageCell.m */; };
		6A201FBE1D9D1A7A0082A268 /* ChatMessageCellTextScrollView.m in Sources */ = {isa = PBXBuildFile; fileRef = 6A201FB71D9D1A7A0082A268 /* ChatMessageCellTextScrollView.m */; };
		6A201FC01D9D1A7A0082A268 /* NSString+Magic.m in Sources */ = {isa = PBXBuildFile; fileRef = 6A201FBB1D9D1A7A0082A268 /* NSString+Magic.m */; };
		6A201FD11D9D22480082A268 /* NSAttributedString+Magic.m in Sources */ = {isa = PBXBuildFile; fileRef = 6A201FCE1D9D22480082A268 /* NSAttributedString+Magic.m */; };
		6A201FD21D9D22480082A268 /* NSString+HTML.m in Sources */ = {isa = PBXBuildFile; fileRef = 6A201FD01D9D22480082A268 /* NSString+HTML.m */; settings = {COMPILER_FLAGS = "-fno-objc-arc"; }; };
		6A201FD51D9D23B50082A268 /* GTMNSString+HTML.m in Sources */ = {isa = PBXBuildFile; fileRef = 6A201FD41D9D23B50082A268 /* GTMNSString+HTML.m */; settings = {COMPILER_FLAGS = "-fno-objc-arc"; }; };
		6A35059D1C48FA1A0042D82B /* MacDevTool.m in Sources */ = {isa = PBXBuildFile; fileRef = 6A35059C1C48FA1A0042D82B /* MacDevTool.m */; };
		6A3505A21C491E7F0042D82B /* StocksManager.m in Sources */ = {isa = PBXBuildFile; fileRef = 6A3505A11C491E7F0042D82B /* StocksManager.m */; };
		6A3505A81C4931310042D82B /* ToolBoxController.m in Sources */ = {isa = PBXBuildFile; fileRef = 6A3505A71C4931310042D82B /* ToolBoxController.m */; };
		6A3505AB1C4A4CC80042D82B /* GetStockRequest.m in Sources */ = {isa = PBXBuildFile; fileRef = 6A3505AA1C4A4CC80042D82B /* GetStockRequest.m */; };
		6A3505AE1C4B51ED0042D82B /* ASMainWindow.m in Sources */ = {isa = PBXBuildFile; fileRef = 6A3505AD1C4B51ED0042D82B /* ASMainWindow.m */; };
		6A49F3671CA50FEC007A4043 /* add.png in Resources */ = {isa = PBXBuildFile; fileRef = 6A49F3651CA50FEC007A4043 /* add.png */; };
		6A49F3681CA50FEC007A4043 /* close.png in Resources */ = {isa = PBXBuildFile; fileRef = 6A49F3661CA50FEC007A4043 /* close.png */; };
		6A5627F31CF5685D00C1ECF6 /* ASChatMan.m in Sources */ = {isa = PBXBuildFile; fileRef = 6A5627F21CF5685D00C1ECF6 /* ASChatMan.m */; };
		6A623A121BFC3B6000EDDE07 /* iVersion.bundle in Resources */ = {isa = PBXBuildFile; fileRef = 6A623A0F1BFC3B6000EDDE07 /* iVersion.bundle */; };
		6A623A131BFC3B6000EDDE07 /* iVersion.m in Sources */ = {isa = PBXBuildFile; fileRef = 6A623A111BFC3B6000EDDE07 /* iVersion.m */; };
		6A66F1421C8ED88F003BB640 /* ASConfig.m in Sources */ = {isa = PBXBuildFile; fileRef = 6A66F1411C8ED88F003BB640 /* ASConfig.m */; };
		6A66F1441C8EE59B003BB640 /* chat.png in Resources */ = {isa = PBXBuildFile; fileRef = 6A66F1431C8EE59B003BB640 /* chat.png */; };
		6A6CF5971C00246800B44F75 /* ASFormatController.m in Sources */ = {isa = PBXBuildFile; fileRef = 6A6CF5951C00246800B44F75 /* ASFormatController.m */; };
		6A6CF5981C00246800B44F75 /* ASFormatController.xib in Resources */ = {isa = PBXBuildFile; fileRef = 6A6CF5961C00246800B44F75 /* ASFormatController.xib */; };
		6A6CF59A1C00278100B44F75 /* formatTable.plist in Resources */ = {isa = PBXBuildFile; fileRef = 6A6CF5991C00278100B44F75 /* formatTable.plist */; };
		6A6CF59D1C002AF600B44F75 /* ASFormatCache.m in Sources */ = {isa = PBXBuildFile; fileRef = 6A6CF59C1C002AF600B44F75 /* ASFormatCache.m */; };
		6AA16A521DBCAC75003198DB /* ASChatWindow.m in Sources */ = {isa = PBXBuildFile; fileRef = 6AA16A511DBCAC75003198DB /* ASChatWindow.m */; };
		6AA16A541DBCBD04003198DB /* no-avatar.png in Resources */ = {isa = PBXBuildFile; fileRef = 6AA16A531DBCBD04003198DB /* no-avatar.png */; };
		6AB2367B1C5A11F900F49990 /* ASHelpController.m in Sources */ = {isa = PBXBuildFile; fileRef = 6AB236791C5A11F900F49990 /* ASHelpController.m */; };
		6AB2367C1C5A11F900F49990 /* ASHelpController.xib in Resources */ = {isa = PBXBuildFile; fileRef = 6AB2367A1C5A11F900F49990 /* ASHelpController.xib */; };
		6AB2367E1C5A14DE00F49990 /* 幽灵股票-帮助.html in Resources */ = {isa = PBXBuildFile; fileRef = 6AB2367D1C5A14DE00F49990 /* 幽灵股票-帮助.html */; };
		6AB236811C5A164300F49990 /* ExcuteTimesCache.m in Sources */ = {isa = PBXBuildFile; fileRef = 6AB236801C5A164300F49990 /* ExcuteTimesCache.m */; };
		6AB236831C5A26F300F49990 /* down.png in Resources */ = {isa = PBXBuildFile; fileRef = 6AB236821C5A26F300F49990 /* down.png */; };
		6ABF8F6C1C40DFB000DCAD9E /* RSVerticallyCenteredTextFieldCell.m in Sources */ = {isa = PBXBuildFile; fileRef = 6ABF8F6B1C40DFB000DCAD9E /* RSVerticallyCenteredTextFieldCell.m */; };
		6AE30C141C2D1D8500E65530 /* ASStockView.m in Sources */ = {isa = PBXBuildFile; fileRef = 6AE30C131C2D1D8500E65530 /* ASStockView.m */; };
		6AE30C181C2D294700E65530 /* ASInfoController.m in Sources */ = {isa = PBXBuildFile; fileRef = 6AE30C161C2D294700E65530 /* ASInfoController.m */; };
		6AE30C191C2D294700E65530 /* ASInfoController.xib in Resources */ = {isa = PBXBuildFile; fileRef = 6AE30C171C2D294700E65530 /* ASInfoController.xib */; };
		6AF14B7E1DDAAA3E007D776E /* config.png in Resources */ = {isa = PBXBuildFile; fileRef = 6AF14B7D1DDAAA3E007D776E /* config.png */; };
		6AF14B811DDBF77A007D776E /* ColorButton.m in Sources */ = {isa = PBXBuildFile; fileRef = 6AF14B801DDBF77A007D776E /* ColorButton.m */; };
		6AF6BB2E1CBB862A0032CCB3 /* LHLongLink.m in Sources */ = {isa = PBXBuildFile; fileRef = 6AF6BB131CBB862A0032CCB3 /* LHLongLink.m */; };
		6AF6BB2F1CBB862A0032CCB3 /* LHLongLinkConfig.m in Sources */ = {isa = PBXBuildFile; fileRef = 6AF6BB151CBB862A0032CCB3 /* LHLongLinkConfig.m */; };
		6AF6BB521CBB86520032CCB3 /* Pomelo.m in Sources */ = {isa = PBXBuildFile; fileRef = 6AF6BB3B1CBB86520032CCB3 /* Pomelo.m */; };
		6AF6BB531CBB86520032CCB3 /* PomeloProtocol.m in Sources */ = {isa = PBXBuildFile; fileRef = 6AF6BB3D1CBB86520032CCB3 /* PomeloProtocol.m */; };
		6AFB11031BEC4D6400569A77 /* AppDelegate.m in Sources */ = {isa = PBXBuildFile; fileRef = 6AFB11021BEC4D6400569A77 /* AppDelegate.m */; };
		6AFB11061BEC4D6400569A77 /* main.m in Sources */ = {isa = PBXBuildFile; fileRef = 6AFB11051BEC4D6400569A77 /* main.m */; };
		6AFB11081BEC4D6400569A77 /* Assets.xcassets in Resources */ = {isa = PBXBuildFile; fileRef = 6AFB11071BEC4D6400569A77 /* Assets.xcassets */; };
		6AFB110B1BEC4D6400569A77 /* MainMenu.xib in Resources */ = {isa = PBXBuildFile; fileRef = 6AFB11091BEC4D6400569A77 /* MainMenu.xib */; };
		6AFB11141BEC502500569A77 /* ASMonitorViewController.m in Sources */ = {isa = PBXBuildFile; fileRef = 6AFB11131BEC502500569A77 /* ASMonitorViewController.m */; };
/* End PBXBuildFile section */

/* Begin PBXFileReference section */
		6A0B25361CEACAC800F7CADB /* SocketIO.h */ = {isa = PBXFileReference; fileEncoding = 4; lastKnownFileType = sourcecode.c.h; path = SocketIO.h; sourceTree = "<group>"; };
		6A0B25371CEACAC800F7CADB /* SocketIO.m */ = {isa = PBXFileReference; fileEncoding = 4; lastKnownFileType = sourcecode.c.objc; path = SocketIO.m; sourceTree = "<group>"; };
		6A0B25381CEACAC800F7CADB /* SocketIOJSONSerialization.h */ = {isa = PBXFileReference; fileEncoding = 4; lastKnownFileType = sourcecode.c.h; path = SocketIOJSONSerialization.h; sourceTree = "<group>"; };
		6A0B25391CEACAC800F7CADB /* SocketIOJSONSerialization.m */ = {isa = PBXFileReference; fileEncoding = 4; lastKnownFileType = sourcecode.c.objc; path = SocketIOJSONSerialization.m; sourceTree = "<group>"; };
		6A0B253A1CEACAC800F7CADB /* SocketIOPacket.h */ = {isa = PBXFileReference; fileEncoding = 4; lastKnownFileType = sourcecode.c.h; path = SocketIOPacket.h; sourceTree = "<group>"; };
		6A0B253B1CEACAC800F7CADB /* SocketIOPacket.m */ = {isa = PBXFileReference; fileEncoding = 4; lastKnownFileType = sourcecode.c.objc; path = SocketIOPacket.m; sourceTree = "<group>"; };
		6A0B253C1CEACAC800F7CADB /* SocketIOTransport.h */ = {isa = PBXFileReference; fileEncoding = 4; lastKnownFileType = sourcecode.c.h; path = SocketIOTransport.h; sourceTree = "<group>"; };
		6A0B253D1CEACAC800F7CADB /* SocketIOTransportWebsocket.h */ = {isa = PBXFileReference; fileEncoding = 4; lastKnownFileType = sourcecode.c.h; path = SocketIOTransportWebsocket.h; sourceTree = "<group>"; };
		6A0B253E1CEACAC800F7CADB /* SocketIOTransportWebsocket.m */ = {isa = PBXFileReference; fileEncoding = 4; lastKnownFileType = sourcecode.c.objc; path = SocketIOTransportWebsocket.m; sourceTree = "<group>"; };
		6A0B253F1CEACAC800F7CADB /* SocketIOTransportXHR.h */ = {isa = PBXFileReference; fileEncoding = 4; lastKnownFileType = sourcecode.c.h; path = SocketIOTransportXHR.h; sourceTree = "<group>"; };
		6A0B25401CEACAC800F7CADB /* SocketIOTransportXHR.m */ = {isa = PBXFileReference; fileEncoding = 4; lastKnownFileType = sourcecode.c.objc; path = SocketIOTransportXHR.m; sourceTree = "<group>"; };
		6A0B25461CEACB2700F7CADB /* SRWebSocket.h */ = {isa = PBXFileReference; fileEncoding = 4; lastKnownFileType = sourcecode.c.h; path = SRWebSocket.h; sourceTree = "<group>"; };
		6A0B25471CEACB2700F7CADB /* SRWebSocket.m */ = {isa = PBXFileReference; fileEncoding = 4; lastKnownFileType = sourcecode.c.objc; path = SRWebSocket.m; sourceTree = "<group>"; };
		6A172DF51C2A81D7000A25F0 /* LHRealTimeStatistics.h */ = {isa = PBXFileReference; fileEncoding = 4; lastKnownFileType = sourcecode.c.h; path = LHRealTimeStatistics.h; sourceTree = "<group>"; };
		6A172DF61C2A81D7000A25F0 /* LHRealTimeStatistics.m */ = {isa = PBXFileReference; fileEncoding = 4; lastKnownFileType = sourcecode.c.objc; path = LHRealTimeStatistics.m; sourceTree = "<group>"; };
		6A201FB41D9D1A7A0082A268 /* ChatMessageCell.h */ = {isa = PBXFileReference; fileEncoding = 4; lastKnownFileType = sourcecode.c.h; path = ChatMessageCell.h; sourceTree = "<group>"; };
		6A201FB51D9D1A7A0082A268 /* ChatMessageCell.m */ = {isa = PBXFileReference; fileEncoding = 4; lastKnownFileType = sourcecode.c.objc; path = ChatMessageCell.m; sourceTree = "<group>"; };
		6A201FB61D9D1A7A0082A268 /* ChatMessageCellTextScrollView.h */ = {isa = PBXFileReference; fileEncoding = 4; lastKnownFileType = sourcecode.c.h; path = ChatMessageCellTextScrollView.h; sourceTree = "<group>"; };
		6A201FB71D9D1A7A0082A268 /* ChatMessageCellTextScrollView.m */ = {isa = PBXFileReference; fileEncoding = 4; lastKnownFileType = sourcecode.c.objc; path = ChatMessageCellTextScrollView.m; sourceTree = "<group>"; };
		6A201FBA1D9D1A7A0082A268 /* NSString+Magic.h */ = {isa = PBXFileReference; fileEncoding = 4; lastKnownFileType = sourcecode.c.h; path = "NSString+Magic.h"; sourceTree = "<group>"; };
		6A201FBB1D9D1A7A0082A268 /* NSString+Magic.m */ = {isa = PBXFileReference; fileEncoding = 4; lastKnownFileType = sourcecode.c.objc; path = "NSString+Magic.m"; sourceTree = "<group>"; };
		6A201FC71D9D20920082A268 /* libxml2.2.tbd */ = {isa = PBXFileReference; lastKnownFileType = "sourcecode.text-based-dylib-definition"; name = libxml2.2.tbd; path = usr/lib/libxml2.2.tbd; sourceTree = SDKROOT; };
		6A201FC91D9D21820082A268 /* libicucore.tbd */ = {isa = PBXFileReference; lastKnownFileType = "sourcecode.text-based-dylib-definition"; name = libicucore.tbd; path = usr/lib/libicucore.tbd; sourceTree = SDKROOT; };
		6A201FCB1D9D218D0082A268 /* Security.framework */ = {isa = PBXFileReference; lastKnownFileType = wrapper.framework; name = Security.framework; path = System/Library/Frameworks/Security.framework; sourceTree = SDKROOT; };
		6A201FCD1D9D22480082A268 /* NSAttributedString+Magic.h */ = {isa = PBXFileReference; fileEncoding = 4; lastKnownFileType = sourcecode.c.h; path = "NSAttributedString+Magic.h"; sourceTree = "<group>"; };
		6A201FCE1D9D22480082A268 /* NSAttributedString+Magic.m */ = {isa = PBXFileReference; fileEncoding = 4; lastKnownFileType = sourcecode.c.objc; path = "NSAttributedString+Magic.m"; sourceTree = "<group>"; };
		6A201FCF1D9D22480082A268 /* NSString+HTML.h */ = {isa = PBXFileReference; fileEncoding = 4; lastKnownFileType = sourcecode.c.h; path = "NSString+HTML.h"; sourceTree = "<group>"; };
		6A201FD01D9D22480082A268 /* NSString+HTML.m */ = {isa = PBXFileReference; fileEncoding = 4; lastKnownFileType = sourcecode.c.objc; path = "NSString+HTML.m"; sourceTree = "<group>"; };
		6A201FD31D9D23B50082A268 /* GTMNSString+HTML.h */ = {isa = PBXFileReference; fileEncoding = 4; lastKnownFileType = sourcecode.c.h; path = "GTMNSString+HTML.h"; sourceTree = "<group>"; };
		6A201FD41D9D23B50082A268 /* GTMNSString+HTML.m */ = {isa = PBXFileReference; fileEncoding = 4; lastKnownFileType = sourcecode.c.objc; path = "GTMNSString+HTML.m"; sourceTree = "<group>"; };
		6A35059A1C48D1450042D82B /* AStock-Prefix.pch */ = {isa = PBXFileReference; lastKnownFileType = sourcecode.c.h; path = "AStock-Prefix.pch"; sourceTree = "<group>"; };
		6A35059B1C48FA1A0042D82B /* MacDevTool.h */ = {isa = PBXFileReference; fileEncoding = 4; lastKnownFileType = sourcecode.c.h; path = MacDevTool.h; sourceTree = "<group>"; };
		6A35059C1C48FA1A0042D82B /* MacDevTool.m */ = {isa = PBXFileReference; fileEncoding = 4; lastKnownFileType = sourcecode.c.objc; path = MacDevTool.m; sourceTree = "<group>"; };
		6A3505A01C491E7F0042D82B /* StocksManager.h */ = {isa = PBXFileReference; fileEncoding = 4; lastKnownFileType = sourcecode.c.h; path = StocksManager.h; sourceTree = "<group>"; };
		6A3505A11C491E7F0042D82B /* StocksManager.m */ = {isa = PBXFileReference; fileEncoding = 4; lastKnownFileType = sourcecode.c.objc; path = StocksManager.m; sourceTree = "<group>"; };
		6A3505A61C4931310042D82B /* ToolBoxController.h */ = {isa = PBXFileReference; fileEncoding = 4; lastKnownFileType = sourcecode.c.h; path = ToolBoxController.h; sourceTree = "<group>"; };
		6A3505A71C4931310042D82B /* ToolBoxController.m */ = {isa = PBXFileReference; fileEncoding = 4; lastKnownFileType = sourcecode.c.objc; path = ToolBoxController.m; sourceTree = "<group>"; };
		6A3505A91C4A4CC80042D82B /* GetStockRequest.h */ = {isa = PBXFileReference; fileEncoding = 4; lastKnownFileType = sourcecode.c.h; path = GetStockRequest.h; sourceTree = "<group>"; };
		6A3505AA1C4A4CC80042D82B /* GetStockRequest.m */ = {isa = PBXFileReference; fileEncoding = 4; lastKnownFileType = sourcecode.c.objc; path = GetStockRequest.m; sourceTree = "<group>"; };
		6A3505AC1C4B51ED0042D82B /* ASMainWindow.h */ = {isa = PBXFileReference; fileEncoding = 4; lastKnownFileType = sourcecode.c.h; path = ASMainWindow.h; sourceTree = "<group>"; };
		6A3505AD1C4B51ED0042D82B /* ASMainWindow.m */ = {isa = PBXFileReference; fileEncoding = 4; lastKnownFileType = sourcecode.c.objc; path = ASMainWindow.m; sourceTree = "<group>"; };
		6A49F3651CA50FEC007A4043 /* add.png */ = {isa = PBXFileReference; lastKnownFileType = image.png; path = add.png; sourceTree = "<group>"; };
		6A49F3661CA50FEC007A4043 /* close.png */ = {isa = PBXFileReference; lastKnownFileType = image.png; path = close.png; sourceTree = "<group>"; };
		6A49F39B1CACD906007A4043 /* libstdc++.6.0.9.tbd */ = {isa = PBXFileReference; lastKnownFileType = "sourcecode.text-based-dylib-definition"; name = "libstdc++.6.0.9.tbd"; path = "usr/lib/libstdc++.6.0.9.tbd"; sourceTree = SDKROOT; };
		6A5627F11CF5685D00C1ECF6 /* ASChatMan.h */ = {isa = PBXFileReference; fileEncoding = 4; lastKnownFileType = sourcecode.c.h; path = ASChatMan.h; sourceTree = "<group>"; };
		6A5627F21CF5685D00C1ECF6 /* ASChatMan.m */ = {isa = PBXFileReference; fileEncoding = 4; lastKnownFileType = sourcecode.c.objc; path = ASChatMan.m; sourceTree = "<group>"; };
		6A623A0F1BFC3B6000EDDE07 /* iVersion.bundle */ = {isa = PBXFileReference; lastKnownFileType = "wrapper.plug-in"; path = iVersion.bundle; sourceTree = "<group>"; };
		6A623A101BFC3B6000EDDE07 /* iVersion.h */ = {isa = PBXFileReference; fileEncoding = 4; lastKnownFileType = sourcecode.c.h; path = iVersion.h; sourceTree = "<group>"; };
		6A623A111BFC3B6000EDDE07 /* iVersion.m */ = {isa = PBXFileReference; fileEncoding = 4; lastKnownFileType = sourcecode.c.objc; path = iVersion.m; sourceTree = "<group>"; };
		6A66F1401C8ED88F003BB640 /* ASConfig.h */ = {isa = PBXFileReference; fileEncoding = 4; lastKnownFileType = sourcecode.c.h; path = ASConfig.h; sourceTree = "<group>"; };
		6A66F1411C8ED88F003BB640 /* ASConfig.m */ = {isa = PBXFileReference; fileEncoding = 4; lastKnownFileType = sourcecode.c.objc; path = ASConfig.m; sourceTree = "<group>"; };
		6A66F1431C8EE59B003BB640 /* chat.png */ = {isa = PBXFileReference; lastKnownFileType = image.png; path = chat.png; sourceTree = "<group>"; };
		6A6CF5941C00246800B44F75 /* ASFormatController.h */ = {isa = PBXFileReference; fileEncoding = 4; lastKnownFileType = sourcecode.c.h; path = ASFormatController.h; sourceTree = "<group>"; };
		6A6CF5951C00246800B44F75 /* ASFormatController.m */ = {isa = PBXFileReference; fileEncoding = 4; lastKnownFileType = sourcecode.c.objc; path = ASFormatController.m; sourceTree = "<group>"; };
		6A6CF5961C00246800B44F75 /* ASFormatController.xib */ = {isa = PBXFileReference; fileEncoding = 4; lastKnownFileType = file.xib; path = ASFormatController.xib; sourceTree = "<group>"; };
		6A6CF5991C00278100B44F75 /* formatTable.plist */ = {isa = PBXFileReference; fileEncoding = 4; lastKnownFileType = text.plist.xml; path = formatTable.plist; sourceTree = "<group>"; };
		6A6CF59B1C002AF600B44F75 /* ASFormatCache.h */ = {isa = PBXFileReference; fileEncoding = 4; lastKnownFileType = sourcecode.c.h; path = ASFormatCache.h; sourceTree = "<group>"; };
		6A6CF59C1C002AF600B44F75 /* ASFormatCache.m */ = {isa = PBXFileReference; fileEncoding = 4; lastKnownFileType = sourcecode.c.objc; path = ASFormatCache.m; sourceTree = "<group>"; };
		6AA16A501DBCAC75003198DB /* ASChatWindow.h */ = {isa = PBXFileReference; fileEncoding = 4; lastKnownFileType = sourcecode.c.h; path = ASChatWindow.h; sourceTree = "<group>"; };
		6AA16A511DBCAC75003198DB /* ASChatWindow.m */ = {isa = PBXFileReference; fileEncoding = 4; lastKnownFileType = sourcecode.c.objc; path = ASChatWindow.m; sourceTree = "<group>"; };
		6AA16A531DBCBD04003198DB /* no-avatar.png */ = {isa = PBXFileReference; lastKnownFileType = image.png; path = "no-avatar.png"; sourceTree = "<group>"; };
		6AB236781C5A11F900F49990 /* ASHelpController.h */ = {isa = PBXFileReference; fileEncoding = 4; lastKnownFileType = sourcecode.c.h; path = ASHelpController.h; sourceTree = "<group>"; };
		6AB236791C5A11F900F49990 /* ASHelpController.m */ = {isa = PBXFileReference; fileEncoding = 4; lastKnownFileType = sourcecode.c.objc; path = ASHelpController.m; sourceTree = "<group>"; };
		6AB2367A1C5A11F900F49990 /* ASHelpController.xib */ = {isa = PBXFileReference; fileEncoding = 4; lastKnownFileType = file.xib; path = ASHelpController.xib; sourceTree = "<group>"; };
		6AB2367D1C5A14DE00F49990 /* 幽灵股票-帮助.html */ = {isa = PBXFileReference; fileEncoding = 4; lastKnownFileType = text.html; path = "幽灵股票-帮助.html"; sourceTree = "<group>"; };
		6AB2367F1C5A164300F49990 /* ExcuteTimesCache.h */ = {isa = PBXFileReference; fileEncoding = 4; lastKnownFileType = sourcecode.c.h; path = ExcuteTimesCache.h; sourceTree = "<group>"; };
		6AB236801C5A164300F49990 /* ExcuteTimesCache.m */ = {isa = PBXFileReference; fileEncoding = 4; lastKnownFileType = sourcecode.c.objc; path = ExcuteTimesCache.m; sourceTree = "<group>"; };
		6AB236821C5A26F300F49990 /* down.png */ = {isa = PBXFileReference; lastKnownFileType = image.png; path = down.png; sourceTree = "<group>"; };
		6ABF8F6A1C40DFB000DCAD9E /* RSVerticallyCenteredTextFieldCell.h */ = {isa = PBXFileReference; fileEncoding = 4; lastKnownFileType = sourcecode.c.h; path = RSVerticallyCenteredTextFieldCell.h; sourceTree = "<group>"; };
		6ABF8F6B1C40DFB000DCAD9E /* RSVerticallyCenteredTextFieldCell.m */ = {isa = PBXFileReference; fileEncoding = 4; lastKnownFileType = sourcecode.c.objc; path = RSVerticallyCenteredTextFieldCell.m; sourceTree = "<group>"; };
		6AE30C121C2D1D8500E65530 /* ASStockView.h */ = {isa = PBXFileReference; fileEncoding = 4; lastKnownFileType = sourcecode.c.h; path = ASStockView.h; sourceTree = "<group>"; };
		6AE30C131C2D1D8500E65530 /* ASStockView.m */ = {isa = PBXFileReference; fileEncoding = 4; lastKnownFileType = sourcecode.c.objc; path = ASStockView.m; sourceTree = "<group>"; };
		6AE30C151C2D294700E65530 /* ASInfoController.h */ = {isa = PBXFileReference; fileEncoding = 4; lastKnownFileType = sourcecode.c.h; path = ASInfoController.h; sourceTree = "<group>"; };
		6AE30C161C2D294700E65530 /* ASInfoController.m */ = {isa = PBXFileReference; fileEncoding = 4; lastKnownFileType = sourcecode.c.objc; path = ASInfoController.m; sourceTree = "<group>"; };
		6AE30C171C2D294700E65530 /* ASInfoController.xib */ = {isa = PBXFileReference; fileEncoding = 4; lastKnownFileType = file.xib; path = ASInfoController.xib; sourceTree = "<group>"; };
		6AF14B7D1DDAAA3E007D776E /* config.png */ = {isa = PBXFileReference; lastKnownFileType = image.png; path = config.png; sourceTree = "<group>"; };
		6AF14B7F1DDBF77A007D776E /* ColorButton.h */ = {isa = PBXFileReference; fileEncoding = 4; lastKnownFileType = sourcecode.c.h; path = ColorButton.h; sourceTree = "<group>"; };
		6AF14B801DDBF77A007D776E /* ColorButton.m */ = {isa = PBXFileReference; fileEncoding = 4; lastKnownFileType = sourcecode.c.objc; path = ColorButton.m; sourceTree = "<group>"; };
		6AF6BB121CBB862A0032CCB3 /* LHLongLink.h */ = {isa = PBXFileReference; fileEncoding = 4; lastKnownFileType = sourcecode.c.h; path = LHLongLink.h; sourceTree = "<group>"; };
		6AF6BB131CBB862A0032CCB3 /* LHLongLink.m */ = {isa = PBXFileReference; fileEncoding = 4; lastKnownFileType = sourcecode.c.objc; path = LHLongLink.m; sourceTree = "<group>"; };
		6AF6BB141CBB862A0032CCB3 /* LHLongLinkConfig.h */ = {isa = PBXFileReference; fileEncoding = 4; lastKnownFileType = sourcecode.c.h; path = LHLongLinkConfig.h; sourceTree = "<group>"; };
		6AF6BB151CBB862A0032CCB3 /* LHLongLinkConfig.m */ = {isa = PBXFileReference; fileEncoding = 4; lastKnownFileType = sourcecode.c.objc; path = LHLongLinkConfig.m; sourceTree = "<group>"; };
		6AF6BB3A1CBB86520032CCB3 /* Pomelo.h */ = {isa = PBXFileReference; fileEncoding = 4; lastKnownFileType = sourcecode.c.h; path = Pomelo.h; sourceTree = "<group>"; };
		6AF6BB3B1CBB86520032CCB3 /* Pomelo.m */ = {isa = PBXFileReference; fileEncoding = 4; lastKnownFileType = sourcecode.c.objc; path = Pomelo.m; sourceTree = "<group>"; };
		6AF6BB3C1CBB86520032CCB3 /* PomeloProtocol.h */ = {isa = PBXFileReference; fileEncoding = 4; lastKnownFileType = sourcecode.c.h; path = PomeloProtocol.h; sourceTree = "<group>"; };
		6AF6BB3D1CBB86520032CCB3 /* PomeloProtocol.m */ = {isa = PBXFileReference; fileEncoding = 4; lastKnownFileType = sourcecode.c.objc; path = PomeloProtocol.m; sourceTree = "<group>"; };
		6AFB10FE1BEC4D6400569A77 /* 幽灵股票.app */ = {isa = PBXFileReference; explicitFileType = wrapper.application; includeInIndex = 0; path = "幽灵股票.app"; sourceTree = BUILT_PRODUCTS_DIR; };
		6AFB11011BEC4D6400569A77 /* AppDelegate.h */ = {isa = PBXFileReference; lastKnownFileType = sourcecode.c.h; path = AppDelegate.h; sourceTree = "<group>"; };
		6AFB11021BEC4D6400569A77 /* AppDelegate.m */ = {isa = PBXFileReference; lastKnownFileType = sourcecode.c.objc; path = AppDelegate.m; sourceTree = "<group>"; };
		6AFB11051BEC4D6400569A77 /* main.m */ = {isa = PBXFileReference; lastKnownFileType = sourcecode.c.objc; path = main.m; sourceTree = "<group>"; };
		6AFB11071BEC4D6400569A77 /* Assets.xcassets */ = {isa = PBXFileReference; lastKnownFileType = folder.assetcatalog; path = Assets.xcassets; sourceTree = "<group>"; };
		6AFB110A1BEC4D6400569A77 /* Base */ = {isa = PBXFileReference; lastKnownFileType = file.xib; name = Base; path = Base.lproj/MainMenu.xib; sourceTree = "<group>"; };
		6AFB110C1BEC4D6400569A77 /* Info.plist */ = {isa = PBXFileReference; lastKnownFileType = text.plist.xml; path = Info.plist; sourceTree = "<group>"; };
		6AFB11121BEC502500569A77 /* ASMonitorViewController.h */ = {isa = PBXFileReference; fileEncoding = 4; lastKnownFileType = sourcecode.c.h; path = ASMonitorViewController.h; sourceTree = "<group>"; };
		6AFB11131BEC502500569A77 /* ASMonitorViewController.m */ = {isa = PBXFileReference; fileEncoding = 4; lastKnownFileType = sourcecode.c.objc; path = ASMonitorViewController.m; sourceTree = "<group>"; };
		6AFB111D1BF052B900569A77 /* ASConstant.h */ = {isa = PBXFileReference; lastKnownFileType = sourcecode.c.h; path = ASConstant.h; sourceTree = "<group>"; };
		79BC3B1209A8103271EAE245 /* Pods-AStockMonitor.release.xcconfig */ = {isa = PBXFileReference; includeInIndex = 1; lastKnownFileType = text.xcconfig; name = "Pods-AStockMonitor.release.xcconfig"; path = "Pods/Target Support Files/Pods-AStockMonitor/Pods-AStockMonitor.release.xcconfig"; sourceTree = "<group>"; };
		81F6EE040389EEF80699549B /* Pods-AStockMonitor.debug.xcconfig */ = {isa = PBXFileReference; includeInIndex = 1; lastKnownFileType = text.xcconfig; name = "Pods-AStockMonitor.debug.xcconfig"; path = "Pods/Target Support Files/Pods-AStockMonitor/Pods-AStockMonitor.debug.xcconfig"; sourceTree = "<group>"; };
		A55D0B3E1BFCC4DB00E2325D /* 幽灵股票.entitlements */ = {isa = PBXFileReference; lastKnownFileType = text.xml; path = "幽灵股票.entitlements"; sourceTree = "<group>"; };
		CE1DA8C643DFB486BD53A298 /* libPods-AStockMonitor.a */ = {isa = PBXFileReference; explicitFileType = archive.ar; includeInIndex = 0; path = "libPods-AStockMonitor.a"; sourceTree = BUILT_PRODUCTS_DIR; };
/* End PBXFileReference section */

/* Begin PBXFrameworksBuildPhase section */
		6AFB10FB1BEC4D6400569A77 /* Frameworks */ = {
			isa = PBXFrameworksBuildPhase;
			buildActionMask = 2147483647;
			files = (
				6847996135C3B77B6EEC10AE /* libPods-AStockMonitor.a in Frameworks */,
			);
			runOnlyForDeploymentPostprocessing = 0;
		};
/* End PBXFrameworksBuildPhase section */

/* Begin PBXGroup section */
		3E1CDDA4083E970EC6350858 /* Pods */ = {
			isa = PBXGroup;
			children = (
				81F6EE040389EEF80699549B /* Pods-AStockMonitor.debug.xcconfig */,
				79BC3B1209A8103271EAE245 /* Pods-AStockMonitor.release.xcconfig */,
			);
			name = Pods;
			sourceTree = "<group>";
		};
		6A0B25351CEACAC800F7CADB /* SocketIO */ = {
			isa = PBXGroup;
			children = (
				6A0B25461CEACB2700F7CADB /* SRWebSocket.h */,
				6A0B25471CEACB2700F7CADB /* SRWebSocket.m */,
				6A0B25361CEACAC800F7CADB /* SocketIO.h */,
				6A0B25371CEACAC800F7CADB /* SocketIO.m */,
				6A0B25381CEACAC800F7CADB /* SocketIOJSONSerialization.h */,
				6A0B25391CEACAC800F7CADB /* SocketIOJSONSerialization.m */,
				6A0B253A1CEACAC800F7CADB /* SocketIOPacket.h */,
				6A0B253B1CEACAC800F7CADB /* SocketIOPacket.m */,
				6A0B253C1CEACAC800F7CADB /* SocketIOTransport.h */,
				6A0B253D1CEACAC800F7CADB /* SocketIOTransportWebsocket.h */,
				6A0B253E1CEACAC800F7CADB /* SocketIOTransportWebsocket.m */,
				6A0B253F1CEACAC800F7CADB /* SocketIOTransportXHR.h */,
				6A0B25401CEACAC800F7CADB /* SocketIOTransportXHR.m */,
			);
			path = SocketIO;
			sourceTree = "<group>";
		};
		6A172DF41C2A8182000A25F0 /* LHToolKit */ = {
			isa = PBXGroup;
			children = (
				6AF6BB111CBB862A0032CCB3 /* LHLongLink */,
				6AB2367F1C5A164300F49990 /* ExcuteTimesCache.h */,
				6AB236801C5A164300F49990 /* ExcuteTimesCache.m */,
				6ABF8F6A1C40DFB000DCAD9E /* RSVerticallyCenteredTextFieldCell.h */,
				6ABF8F6B1C40DFB000DCAD9E /* RSVerticallyCenteredTextFieldCell.m */,
				6A172DF51C2A81D7000A25F0 /* LHRealTimeStatistics.h */,
				6A172DF61C2A81D7000A25F0 /* LHRealTimeStatistics.m */,
				6A35059B1C48FA1A0042D82B /* MacDevTool.h */,
				6A35059C1C48FA1A0042D82B /* MacDevTool.m */,
			);
			path = LHToolKit;
			sourceTree = "<group>";
		};
		6A201FB11D9D1A7A0082A268 /* ChatUI */ = {
			isa = PBXGroup;
			children = (
				6A201FD31D9D23B50082A268 /* GTMNSString+HTML.h */,
				6A201FD41D9D23B50082A268 /* GTMNSString+HTML.m */,
				6A201FCD1D9D22480082A268 /* NSAttributedString+Magic.h */,
				6A201FCE1D9D22480082A268 /* NSAttributedString+Magic.m */,
				6A201FCF1D9D22480082A268 /* NSString+HTML.h */,
				6A201FD01D9D22480082A268 /* NSString+HTML.m */,
				6A201FB41D9D1A7A0082A268 /* ChatMessageCell.h */,
				6A201FB51D9D1A7A0082A268 /* ChatMessageCell.m */,
				6A201FB61D9D1A7A0082A268 /* ChatMessageCellTextScrollView.h */,
				6A201FB71D9D1A7A0082A268 /* ChatMessageCellTextScrollView.m */,
				6A201FBA1D9D1A7A0082A268 /* NSString+Magic.h */,
				6A201FBB1D9D1A7A0082A268 /* NSString+Magic.m */,
			);
			path = ChatUI;
			sourceTree = "<group>";
		};
		6A35059E1C491E340042D82B /* Controllers */ = {
			isa = PBXGroup;
			children = (
				6AFB11121BEC502500569A77 /* ASMonitorViewController.h */,
				6AFB11131BEC502500569A77 /* ASMonitorViewController.m */,
				6AFB111D1BF052B900569A77 /* ASConstant.h */,
				6A6CF5941C00246800B44F75 /* ASFormatController.h */,
				6A6CF5951C00246800B44F75 /* ASFormatController.m */,
				6A6CF5961C00246800B44F75 /* ASFormatController.xib */,
				6A6CF5991C00278100B44F75 /* formatTable.plist */,
				6A6CF59B1C002AF600B44F75 /* ASFormatCache.h */,
				6A6CF59C1C002AF600B44F75 /* ASFormatCache.m */,
				6AE30C121C2D1D8500E65530 /* ASStockView.h */,
				6AE30C131C2D1D8500E65530 /* ASStockView.m */,
				6AE30C151C2D294700E65530 /* ASInfoController.h */,
				6AE30C161C2D294700E65530 /* ASInfoController.m */,
				6AE30C171C2D294700E65530 /* ASInfoController.xib */,
				6A3505A61C4931310042D82B /* ToolBoxController.h */,
				6A3505A71C4931310042D82B /* ToolBoxController.m */,
				6AB236781C5A11F900F49990 /* ASHelpController.h */,
				6AB236791C5A11F900F49990 /* ASHelpController.m */,
				6AB2367A1C5A11F900F49990 /* ASHelpController.xib */,
			);
			name = Controllers;
			sourceTree = "<group>";
		};
		6A35059F1C491E510042D82B /* Module */ = {
			isa = PBXGroup;
			children = (
				6A3505A01C491E7F0042D82B /* StocksManager.h */,
				6A3505A11C491E7F0042D82B /* StocksManager.m */,
				6A3505A91C4A4CC80042D82B /* GetStockRequest.h */,
				6A3505AA1C4A4CC80042D82B /* GetStockRequest.m */,
				6A3505AC1C4B51ED0042D82B /* ASMainWindow.h */,
				6A3505AD1C4B51ED0042D82B /* ASMainWindow.m */,
				6A66F1401C8ED88F003BB640 /* ASConfig.h */,
				6A66F1411C8ED88F003BB640 /* ASConfig.m */,
				6A5627F11CF5685D00C1ECF6 /* ASChatMan.h */,
				6A5627F21CF5685D00C1ECF6 /* ASChatMan.m */,
			);
			name = Module;
			sourceTree = "<group>";
		};
		6A3505A31C492B440042D82B /* Resources */ = {
			isa = PBXGroup;
			children = (
				6AF14B7D1DDAAA3E007D776E /* config.png */,
				6AA16A531DBCBD04003198DB /* no-avatar.png */,
				6A49F3651CA50FEC007A4043 /* add.png */,
				6A49F3661CA50FEC007A4043 /* close.png */,
				6A66F1431C8EE59B003BB640 /* chat.png */,
				6AB236821C5A26F300F49990 /* down.png */,
				6AB2367D1C5A14DE00F49990 /* 幽灵股票-帮助.html */,
			);
			path = Resources;
			sourceTree = "<group>";
		};
		6A5627F51CF5712C00C1ECF6 /* Views */ = {
			isa = PBXGroup;
			children = (
				6AA16A501DBCAC75003198DB /* ASChatWindow.h */,
				6AA16A511DBCAC75003198DB /* ASChatWindow.m */,
				6AF14B7F1DDBF77A007D776E /* ColorButton.h */,
				6AF14B801DDBF77A007D776E /* ColorButton.m */,
			);
			name = Views;
			sourceTree = "<group>";
		};
		6A5627F91CF5925D00C1ECF6 /* Framework */ = {
			isa = PBXGroup;
			children = (
				6A201FB11D9D1A7A0082A268 /* ChatUI */,
			);
			path = Framework;
			sourceTree = "<group>";
		};
		6A623A0E1BFC3B6000EDDE07 /* iVersion */ = {
			isa = PBXGroup;
			children = (
				6A623A0F1BFC3B6000EDDE07 /* iVersion.bundle */,
				6A623A101BFC3B6000EDDE07 /* iVersion.h */,
				6A623A111BFC3B6000EDDE07 /* iVersion.m */,
			);
			path = iVersion;
			sourceTree = "<group>";
		};
		6AF6BB111CBB862A0032CCB3 /* LHLongLink */ = {
			isa = PBXGroup;
			children = (
				6A0B25351CEACAC800F7CADB /* SocketIO */,
				6AF6BB3A1CBB86520032CCB3 /* Pomelo.h */,
				6AF6BB3B1CBB86520032CCB3 /* Pomelo.m */,
				6AF6BB3C1CBB86520032CCB3 /* PomeloProtocol.h */,
				6AF6BB3D1CBB86520032CCB3 /* PomeloProtocol.m */,
				6AF6BB121CBB862A0032CCB3 /* LHLongLink.h */,
				6AF6BB131CBB862A0032CCB3 /* LHLongLink.m */,
				6AF6BB141CBB862A0032CCB3 /* LHLongLinkConfig.h */,
				6AF6BB151CBB862A0032CCB3 /* LHLongLinkConfig.m */,
			);
			path = LHLongLink;
			sourceTree = "<group>";
		};
		6AFB10F51BEC4D6400569A77 = {
			isa = PBXGroup;
			children = (
				6AFB11001BEC4D6400569A77 /* AStockMonitor */,
				6AFB10FF1BEC4D6400569A77 /* Products */,
				3E1CDDA4083E970EC6350858 /* Pods */,
				A75465310227C73FBD864B4E /* Frameworks */,
			);
			sourceTree = "<group>";
		};
		6AFB10FF1BEC4D6400569A77 /* Products */ = {
			isa = PBXGroup;
			children = (
				6AFB10FE1BEC4D6400569A77 /* 幽灵股票.app */,
			);
			name = Products;
			sourceTree = "<group>";
		};
		6AFB11001BEC4D6400569A77 /* AStockMonitor */ = {
			isa = PBXGroup;
			children = (
				6A5627F91CF5925D00C1ECF6 /* Framework */,
				6A5627F51CF5712C00C1ECF6 /* Views */,
				6A3505A31C492B440042D82B /* Resources */,
				6A35059F1C491E510042D82B /* Module */,
				6A35059E1C491E340042D82B /* Controllers */,
				6A172DF41C2A8182000A25F0 /* LHToolKit */,
				A55D0B3E1BFCC4DB00E2325D /* 幽灵股票.entitlements */,
				6A623A0E1BFC3B6000EDDE07 /* iVersion */,
				6AFB11011BEC4D6400569A77 /* AppDelegate.h */,
				6AFB11021BEC4D6400569A77 /* AppDelegate.m */,
				6AFB11071BEC4D6400569A77 /* Assets.xcassets */,
				6AFB11091BEC4D6400569A77 /* MainMenu.xib */,
				6AFB110C1BEC4D6400569A77 /* Info.plist */,
				6AFB11041BEC4D6400569A77 /* Supporting Files */,
			);
			path = AStockMonitor;
			sourceTree = "<group>";
		};
		6AFB11041BEC4D6400569A77 /* Supporting Files */ = {
			isa = PBXGroup;
			children = (
				6AFB11051BEC4D6400569A77 /* main.m */,
				6A35059A1C48D1450042D82B /* AStock-Prefix.pch */,
			);
			name = "Supporting Files";
			sourceTree = "<group>";
		};
		A75465310227C73FBD864B4E /* Frameworks */ = {
			isa = PBXGroup;
			children = (
				6A201FCB1D9D218D0082A268 /* Security.framework */,
				6A201FC91D9D21820082A268 /* libicucore.tbd */,
				6A201FC71D9D20920082A268 /* libxml2.2.tbd */,
				6A49F39B1CACD906007A4043 /* libstdc++.6.0.9.tbd */,
				CE1DA8C643DFB486BD53A298 /* libPods-AStockMonitor.a */,
			);
			name = Frameworks;
			sourceTree = "<group>";
		};
/* End PBXGroup section */

/* Begin PBXNativeTarget section */
		6AFB10FD1BEC4D6400569A77 /* AStockMonitor */ = {
			isa = PBXNativeTarget;
			buildConfigurationList = 6AFB110F1BEC4D6400569A77 /* Build configuration list for PBXNativeTarget "AStockMonitor" */;
			buildPhases = (
				2B3F4896781D1A46AA0198A6 /* [CP] Check Pods Manifest.lock */,
				6AFB10FA1BEC4D6400569A77 /* Sources */,
				6AFB10FB1BEC4D6400569A77 /* Frameworks */,
				6AFB10FC1BEC4D6400569A77 /* Resources */,
				B155BC9241FDFBA6C5127D24 /* [CP] Embed Pods Frameworks */,
				3D029D7DEA06051C591E9273 /* [CP] Copy Pods Resources */,
			);
			buildRules = (
			);
			dependencies = (
			);
			name = AStockMonitor;
			productName = AStockMonitor;
			productReference = 6AFB10FE1BEC4D6400569A77 /* 幽灵股票.app */;
			productType = "com.apple.product-type.application";
		};
/* End PBXNativeTarget section */

/* Begin PBXProject section */
		6AFB10F61BEC4D6400569A77 /* Project object */ = {
			isa = PBXProject;
			attributes = {
				LastUpgradeCheck = 0710;
				ORGANIZATIONNAME = huji;
				TargetAttributes = {
					6AFB10FD1BEC4D6400569A77 = {
						CreatedOnToolsVersion = 7.1;
						DevelopmentTeam = 2ZW287E2MF;
						SystemCapabilities = {
							com.apple.Sandbox = {
								enabled = 0;
							};
						};
					};
				};
			};
			buildConfigurationList = 6AFB10F91BEC4D6400569A77 /* Build configuration list for PBXProject "AStockMonitor" */;
			compatibilityVersion = "Xcode 3.2";
			developmentRegion = English;
			hasScannedForEncodings = 0;
			knownRegions = (
				en,
				Base,
			);
			mainGroup = 6AFB10F51BEC4D6400569A77;
			productRefGroup = 6AFB10FF1BEC4D6400569A77 /* Products */;
			projectDirPath = "";
			projectRoot = "";
			targets = (
				6AFB10FD1BEC4D6400569A77 /* AStockMonitor */,
			);
		};
/* End PBXProject section */

/* Begin PBXResourcesBuildPhase section */
		6AFB10FC1BEC4D6400569A77 /* Resources */ = {
			isa = PBXResourcesBuildPhase;
			buildActionMask = 2147483647;
			files = (
				6AA16A541DBCBD04003198DB /* no-avatar.png in Resources */,
				6AB236831C5A26F300F49990 /* down.png in Resources */,
				6AFB11081BEC4D6400569A77 /* Assets.xcassets in Resources */,
				6A49F3671CA50FEC007A4043 /* add.png in Resources */,
				6A66F1441C8EE59B003BB640 /* chat.png in Resources */,
				6AB2367E1C5A14DE00F49990 /* 幽灵股票-帮助.html in Resources */,
				6A623A121BFC3B6000EDDE07 /* iVersion.bundle in Resources */,
				6A49F3681CA50FEC007A4043 /* close.png in Resources */,
				6AFB110B1BEC4D6400569A77 /* MainMenu.xib in Resources */,
				6A6CF5981C00246800B44F75 /* ASFormatController.xib in Resources */,
				6A6CF59A1C00278100B44F75 /* formatTable.plist in Resources */,
				6AB2367C1C5A11F900F49990 /* ASHelpController.xib in Resources */,
				6AE30C191C2D294700E65530 /* ASInfoController.xib in Resources */,
				6AF14B7E1DDAAA3E007D776E /* config.png in Resources */,
			);
			runOnlyForDeploymentPostprocessing = 0;
		};
/* End PBXResourcesBuildPhase section */

/* Begin PBXShellScriptBuildPhase section */
		2B3F4896781D1A46AA0198A6 /* [CP] Check Pods Manifest.lock */ = {
			isa = PBXShellScriptBuildPhase;
			buildActionMask = 2147483647;
			files = (
			);
			inputPaths = (
			);
			name = "[CP] Check Pods Manifest.lock";
			outputPaths = (
			);
			runOnlyForDeploymentPostprocessing = 0;
			shellPath = /bin/sh;
			shellScript = "diff \"${PODS_ROOT}/../Podfile.lock\" \"${PODS_ROOT}/Manifest.lock\" > /dev/null\nif [ $? != 0 ] ; then\n    # print error to STDERR\n    echo \"error: The sandbox is not in sync with the Podfile.lock. Run 'pod install' or update your CocoaPods installation.\" >&2\n    exit 1\nfi\n";
			showEnvVarsInLog = 0;
		};
		3D029D7DEA06051C591E9273 /* [CP] Copy Pods Resources */ = {
			isa = PBXShellScriptBuildPhase;
			buildActionMask = 2147483647;
			files = (
			);
			inputPaths = (
			);
			name = "[CP] Copy Pods Resources";
			outputPaths = (
			);
			runOnlyForDeploymentPostprocessing = 0;
			shellPath = /bin/sh;
			shellScript = "\"${SRCROOT}/Pods/Target Support Files/Pods-AStockMonitor/Pods-AStockMonitor-resources.sh\"\n";
			showEnvVarsInLog = 0;
		};
		B155BC9241FDFBA6C5127D24 /* [CP] Embed Pods Frameworks */ = {
			isa = PBXShellScriptBuildPhase;
			buildActionMask = 2147483647;
			files = (
			);
			inputPaths = (
			);
			name = "[CP] Embed Pods Frameworks";
			outputPaths = (
			);
			runOnlyForDeploymentPostprocessing = 0;
			shellPath = /bin/sh;
			shellScript = "\"${SRCROOT}/Pods/Target Support Files/Pods-AStockMonitor/Pods-AStockMonitor-frameworks.sh\"\n";
			showEnvVarsInLog = 0;
		};
/* End PBXShellScriptBuildPhase section */

/* Begin PBXSourcesBuildPhase section */
		6AFB10FA1BEC4D6400569A77 /* Sources */ = {
			isa = PBXSourcesBuildPhase;
			buildActionMask = 2147483647;
			files = (
				6AB2367B1C5A11F900F49990 /* ASHelpController.m in Sources */,
				6A201FD21D9D22480082A268 /* NSString+HTML.m in Sources */,
				6A66F1421C8ED88F003BB640 /* ASConfig.m in Sources */,
				6A3505A21C491E7F0042D82B /* StocksManager.m in Sources */,
				6A0B25411CEACAC800F7CADB /* SocketIO.m in Sources */,
				6A0B25481CEACB2700F7CADB /* SRWebSocket.m in Sources */,
				6AFB11061BEC4D6400569A77 /* main.m in Sources */,
				6A6CF5971C00246800B44F75 /* ASFormatController.m in Sources */,
				6AF6BB2E1CBB862A0032CCB3 /* LHLongLink.m in Sources */,
				6AA16A521DBCAC75003198DB /* ASChatWindow.m in Sources */,
				6A0B25431CEACAC800F7CADB /* SocketIOPacket.m in Sources */,
				6A3505A81C4931310042D82B /* ToolBoxController.m in Sources */,
				6AFB11141BEC502500569A77 /* ASMonitorViewController.m in Sources */,
				6A0B25441CEACAC800F7CADB /* SocketIOTransportWebsocket.m in Sources */,
				6AF14B811DDBF77A007D776E /* ColorButton.m in Sources */,
				6AB236811C5A164300F49990 /* ExcuteTimesCache.m in Sources */,
				6A201FBE1D9D1A7A0082A268 /* ChatMessageCellTextScrollView.m in Sources */,
				6A35059D1C48FA1A0042D82B /* MacDevTool.m in Sources */,
				6A6CF59D1C002AF600B44F75 /* ASFormatCache.m in Sources */,
				6A623A131BFC3B6000EDDE07 /* iVersion.m in Sources */,
				6A5627F31CF5685D00C1ECF6 /* ASChatMan.m in Sources */,
				6AE30C141C2D1D8500E65530 /* ASStockView.m in Sources */,
				6A201FC01D9D1A7A0082A268 /* NSString+Magic.m in Sources */,
				6A3505AB1C4A4CC80042D82B /* GetStockRequest.m in Sources */,
				6A0B25451CEACAC800F7CADB /* SocketIOTransportXHR.m in Sources */,
				6A3505AE1C4B51ED0042D82B /* ASMainWindow.m in Sources */,
				6AF6BB531CBB86520032CCB3 /* PomeloProtocol.m in Sources */,
				6AFB11031BEC4D6400569A77 /* AppDelegate.m in Sources */,
				6A201FD11D9D22480082A268 /* NSAttributedString+Magic.m in Sources */,
				6AE30C181C2D294700E65530 /* ASInfoController.m in Sources */,
				6AF6BB2F1CBB862A0032CCB3 /* LHLongLinkConfig.m in Sources */,
				6ABF8F6C1C40DFB000DCAD9E /* RSVerticallyCenteredTextFieldCell.m in Sources */,
				6A172DF71C2A81D7000A25F0 /* LHRealTimeStatistics.m in Sources */,
				6A201FBD1D9D1A7A0082A268 /* ChatMessageCell.m in Sources */,
				6AF6BB521CBB86520032CCB3 /* Pomelo.m in Sources */,
				6A0B25421CEACAC800F7CADB /* SocketIOJSONSerialization.m in Sources */,
				6A201FD51D9D23B50082A268 /* GTMNSString+HTML.m in Sources */,
			);
			runOnlyForDeploymentPostprocessing = 0;
		};
/* End PBXSourcesBuildPhase section */

/* Begin PBXVariantGroup section */
		6AFB11091BEC4D6400569A77 /* MainMenu.xib */ = {
			isa = PBXVariantGroup;
			children = (
				6AFB110A1BEC4D6400569A77 /* Base */,
			);
			name = MainMenu.xib;
			sourceTree = "<group>";
		};
/* End PBXVariantGroup section */

/* Begin XCBuildConfiguration section */
		6AFB110D1BEC4D6400569A77 /* Debug */ = {
			isa = XCBuildConfiguration;
			buildSettings = {
				ALWAYS_SEARCH_USER_PATHS = NO;
				CLANG_CXX_LANGUAGE_STANDARD = "gnu++0x";
				CLANG_CXX_LIBRARY = "libc++";
				CLANG_ENABLE_MODULES = YES;
				CLANG_ENABLE_OBJC_ARC = YES;
				CLANG_WARN_BOOL_CONVERSION = YES;
				CLANG_WARN_CONSTANT_CONVERSION = YES;
				CLANG_WARN_DIRECT_OBJC_ISA_USAGE = YES_ERROR;
				CLANG_WARN_EMPTY_BODY = YES;
				CLANG_WARN_ENUM_CONVERSION = YES;
				CLANG_WARN_INT_CONVERSION = YES;
				CLANG_WARN_OBJC_ROOT_CLASS = YES_ERROR;
				CLANG_WARN_UNREACHABLE_CODE = YES;
				CLANG_WARN__DUPLICATE_METHOD_MATCH = YES;
				CODE_SIGN_IDENTITY = "-";
				COPY_PHASE_STRIP = NO;
				DEBUG_INFORMATION_FORMAT = dwarf;
				ENABLE_STRICT_OBJC_MSGSEND = YES;
				ENABLE_TESTABILITY = YES;
				GCC_C_LANGUAGE_STANDARD = gnu99;
				GCC_DYNAMIC_NO_PIC = NO;
				GCC_NO_COMMON_BLOCKS = YES;
				GCC_OPTIMIZATION_LEVEL = 0;
				GCC_PREPROCESSOR_DEFINITIONS = (
					"DEBUG=1",
					"$(inherited)",
				);
				GCC_WARN_64_TO_32_BIT_CONVERSION = YES;
				GCC_WARN_ABOUT_RETURN_TYPE = YES_ERROR;
				GCC_WARN_UNDECLARED_SELECTOR = YES;
				GCC_WARN_UNINITIALIZED_AUTOS = YES_AGGRESSIVE;
				GCC_WARN_UNUSED_FUNCTION = YES;
				GCC_WARN_UNUSED_VARIABLE = YES;
				MACOSX_DEPLOYMENT_TARGET = 10.10;
				MTL_ENABLE_DEBUG_INFO = YES;
				ONLY_ACTIVE_ARCH = YES;
				SDKROOT = macosx;
			};
			name = Debug;
		};
		6AFB110E1BEC4D6400569A77 /* Release */ = {
			isa = XCBuildConfiguration;
			buildSettings = {
				ALWAYS_SEARCH_USER_PATHS = NO;
				CLANG_CXX_LANGUAGE_STANDARD = "gnu++0x";
				CLANG_CXX_LIBRARY = "libc++";
				CLANG_ENABLE_MODULES = YES;
				CLANG_ENABLE_OBJC_ARC = YES;
				CLANG_WARN_BOOL_CONVERSION = YES;
				CLANG_WARN_CONSTANT_CONVERSION = YES;
				CLANG_WARN_DIRECT_OBJC_ISA_USAGE = YES_ERROR;
				CLANG_WARN_EMPTY_BODY = YES;
				CLANG_WARN_ENUM_CONVERSION = YES;
				CLANG_WARN_INT_CONVERSION = YES;
				CLANG_WARN_OBJC_ROOT_CLASS = YES_ERROR;
				CLANG_WARN_UNREACHABLE_CODE = YES;
				CLANG_WARN__DUPLICATE_METHOD_MATCH = YES;
				CODE_SIGN_IDENTITY = "-";
				COPY_PHASE_STRIP = NO;
				DEBUG_INFORMATION_FORMAT = "dwarf-with-dsym";
				ENABLE_NS_ASSERTIONS = NO;
				ENABLE_STRICT_OBJC_MSGSEND = YES;
				GCC_C_LANGUAGE_STANDARD = gnu99;
				GCC_NO_COMMON_BLOCKS = YES;
				GCC_WARN_64_TO_32_BIT_CONVERSION = YES;
				GCC_WARN_ABOUT_RETURN_TYPE = YES_ERROR;
				GCC_WARN_UNDECLARED_SELECTOR = YES;
				GCC_WARN_UNINITIALIZED_AUTOS = YES_AGGRESSIVE;
				GCC_WARN_UNUSED_FUNCTION = YES;
				GCC_WARN_UNUSED_VARIABLE = YES;
				MACOSX_DEPLOYMENT_TARGET = 10.10;
				MTL_ENABLE_DEBUG_INFO = NO;
				SDKROOT = macosx;
			};
			name = Release;
		};
		6AFB11101BEC4D6400569A77 /* Debug */ = {
			isa = XCBuildConfiguration;
			baseConfigurationReference = 81F6EE040389EEF80699549B /* Pods-AStockMonitor.debug.xcconfig */;
			buildSettings = {
				ASSETCATALOG_COMPILER_APPICON_NAME = AppIcon;
				CLANG_CXX_LIBRARY = "libc++";
				CODE_SIGN_ENTITLEMENTS = "AStockMonitor/幽灵股票.entitlements";
				CODE_SIGN_IDENTITY = "Mac Developer";
				"CODE_SIGN_IDENTITY[sdk=macosx*]" = "Mac Developer";
				COMBINE_HIDPI_IMAGES = YES;
				DEVELOPMENT_TEAM = 2ZW287E2MF;
				FRAMEWORK_SEARCH_PATHS = (
					"$(inherited)",
					"$(PROJECT_DIR)/AStockMonitor/Framework/Twui",
				);
				GCC_PRECOMPILE_PREFIX_HEADER = YES;
				GCC_PREFIX_HEADER = "AStockMonitor/AStock-Prefix.pch";
				HEADER_SEARCH_PATHS = (
					"$(inherited)",
					"\"${PODS_ROOT}/Headers/Public\"",
					"\"${PODS_ROOT}/Headers/Public/AFNetworking\"",
					"\"${PODS_ROOT}/Headers/Public/BlocksKit\"",
					"\"${PODS_ROOT}/Headers/Public/DJProgressHUD_OSX\"",
					"\"${PODS_ROOT}/Headers/Public/JSONModel\"",
					"\"${PODS_ROOT}/Headers/Public/Masonry\"",
				);
				INFOPLIST_FILE = AStockMonitor/Info.plist;
				LD_RUNPATH_SEARCH_PATHS = "$(inherited) @executable_path/../Frameworks";
				LIBRARY_SEARCH_PATHS = "$(inherited)";
				MACOSX_DEPLOYMENT_TARGET = 10.9;
				PRODUCT_BUNDLE_IDENTIFIER = com.huji.AStockMonitor;
				PRODUCT_NAME = "幽灵股票";
				PROVISIONING_PROFILE = "";
			};
			name = Debug;
		};
		6AFB11111BEC4D6400569A77 /* Release */ = {
			isa = XCBuildConfiguration;
			baseConfigurationReference = 79BC3B1209A8103271EAE245 /* Pods-AStockMonitor.release.xcconfig */;
			buildSettings = {
				ASSETCATALOG_COMPILER_APPICON_NAME = AppIcon;
				CLANG_CXX_LIBRARY = "libc++";
				CODE_SIGN_ENTITLEMENTS = "AStockMonitor/幽灵股票.entitlements";
				CODE_SIGN_IDENTITY = "Mac Developer";
				"CODE_SIGN_IDENTITY[sdk=macosx*]" = "Mac Developer";
				COMBINE_HIDPI_IMAGES = YES;
				DEVELOPMENT_TEAM = 2ZW287E2MF;
				FRAMEWORK_SEARCH_PATHS = (
					"$(inherited)",
					"$(PROJECT_DIR)/AStockMonitor/Framework/Twui",
				);
				GCC_PRECOMPILE_PREFIX_HEADER = YES;
				GCC_PREFIX_HEADER = "AStockMonitor/AStock-Prefix.pch";
				HEADER_SEARCH_PATHS = (
					"$(inherited)",
					"\"${PODS_ROOT}/Headers/Public\"",
					"\"${PODS_ROOT}/Headers/Public/AFNetworking\"",
					"\"${PODS_ROOT}/Headers/Public/BlocksKit\"",
					"\"${PODS_ROOT}/Headers/Public/DJProgressHUD_OSX\"",
					"\"${PODS_ROOT}/Headers/Public/JSONModel\"",
					"\"${PODS_ROOT}/Headers/Public/Masonry\"",
				);
				INFOPLIST_FILE = AStockMonitor/Info.plist;
				LD_RUNPATH_SEARCH_PATHS = "$(inherited) @executable_path/../Frameworks";
				LIBRARY_SEARCH_PATHS = "$(inherited)";
				MACOSX_DEPLOYMENT_TARGET = 10.9;
				PRODUCT_BUNDLE_IDENTIFIER = com.huji.AStockMonitor;
				PRODUCT_NAME = "幽灵股票";
				PROVISIONING_PROFILE = "";
			};
			name = Release;
		};
/* End XCBuildConfiguration section */

/* Begin XCConfigurationList section */
		6AFB10F91BEC4D6400569A77 /* Build configuration list for PBXProject "AStockMonitor" */ = {
			isa = XCConfigurationList;
			buildConfigurations = (
				6AFB110D1BEC4D6400569A77 /* Debug */,
				6AFB110E1BEC4D6400569A77 /* Release */,
			);
			defaultConfigurationIsVisible = 0;
			defaultConfigurationName = Release;
		};
		6AFB110F1BEC4D6400569A77 /* Build configuration list for PBXNativeTarget "AStockMonitor" */ = {
			isa = XCConfigurationList;
			buildConfigurations = (
				6AFB11101BEC4D6400569A77 /* Debug */,
				6AFB11111BEC4D6400569A77 /* Release */,
			);
			defaultConfigurationIsVisible = 0;
			defaultConfigurationName = Release;
		};
/* End XCConfigurationList section */
	};
	rootObject = 6AFB10F61BEC4D6400569A77 /* Project object */;
}
